
Microsoft Visual Studio Solution File, Format Version 12.00
# Visual Studio Version 17
VisualStudioVersion = 17.6.33815.320
MinimumVisualStudioVersion = 10.0.40219.1
Project("{2150E333-8FDC-42A3-9474-1A3956D46DE8}") = "__Solution Items__", "__Solution Items__", "{5E282B5F-814C-45E8-B4EA-818C627FFC6D}"
	ProjectSection(SolutionItems) = preProject
		.editorconfig = .editorconfig
		.gitignore = .gitignore
		Directory.Build.props = Directory.Build.props
		JLib.sln.DotSettings = JLib.sln.DotSettings
		README.md = README.md
	EndProjectSection
EndProject
Project("{9A19103F-16F7-4668-BE54-9A1E7A4F7556}") = "JLib.Testing", "JLib.Testing\JLib.Testing.csproj", "{34951258-F562-4992-93E0-385292AE1B43}"
EndProject
Project("{9A19103F-16F7-4668-BE54-9A1E7A4F7556}") = "JLib.DataGeneration", "JLib.DataGeneration\JLib.DataGeneration.csproj", "{EB1C56FE-8B3D-4700-A1C6-87D721F0530C}"
EndProject
Project("{9A19103F-16F7-4668-BE54-9A1E7A4F7556}") = "JLib.HotChocolate", "JLib.HotChocolate\JLib.HotChocolate.csproj", "{D408B36B-2C09-48AA-B35A-C5431EF33D4B}"
EndProject
Project("{9A19103F-16F7-4668-BE54-9A1E7A4F7556}") = "JLib.EfCore", "JLib.EfCore\JLib.EfCore.csproj", "{569EE52C-92BA-4C33-9409-E0BA3DA967D2}"
EndProject
Project("{9A19103F-16F7-4668-BE54-9A1E7A4F7556}") = "JLib.DataGeneration.Tests", "JLib.DataGeneration.Tests\JLib.DataGeneration.Tests.csproj", "{F30E60F8-7E87-4225-AEFC-571929C94BB2}"
EndProject
Project("{2150E333-8FDC-42A3-9474-1A3956D46DE8}") = "__Examples__", "__Examples__", "{B450BA69-F38B-4EF5-81A5-7551941524E4}"
EndProject
Project("{9A19103F-16F7-4668-BE54-9A1E7A4F7556}") = "JLib.DataGeneration.Examples", "Examples\JLib.DataGeneration.Examples\JLib.DataGeneration.Examples.csproj", "{69DB9CDA-72C8-4155-987E-479574580683}"
EndProject
Project("{9A19103F-16F7-4668-BE54-9A1E7A4F7556}") = "JLib.Exceptions", "JLib.Exceptions\JLib.Exceptions.csproj", "{9F52BB24-B9D5-4F29-B347-0547378C8241}"
EndProject
Project("{9A19103F-16F7-4668-BE54-9A1E7A4F7556}") = "JLib.Helper", "JLib.Helper\JLib.Helper.csproj", "{56CE3424-BFCB-436B-8AA4-654DDA77B779}"
EndProject
Project("{9A19103F-16F7-4668-BE54-9A1E7A4F7556}") = "JLib.Reflection", "JLib.Reflection\JLib.Reflection.csproj", "{F66E7219-A47E-4FBF-83C4-9EE74EE05B1E}"
EndProject
Project("{9A19103F-16F7-4668-BE54-9A1E7A4F7556}") = "JLib.ValueTypes", "JLib.ValueTypes\JLib.ValueTypes.csproj", "{7CA446BF-04A2-47FF-A850-C7C67DCC576D}"
EndProject
Project("{9A19103F-16F7-4668-BE54-9A1E7A4F7556}") = "JLib.ValueTypes.Mapping", "JLib.ValueTypes.Mapping\JLib.ValueTypes.Mapping.csproj", "{D5CADC6B-AC86-46FB-85B1-7EDAE496E19B}"
EndProject
Project("{9A19103F-16F7-4668-BE54-9A1E7A4F7556}") = "JLib.AutoMapper", "JLib.AutoMapper\JLib.AutoMapper.csproj", "{97BFCC9F-5575-45F2-B16E-54E5535D298B}"
EndProject
Project("{9A19103F-16F7-4668-BE54-9A1E7A4F7556}") = "JLib.Cqrs", "JLib.Cqrs\JLib.Cqrs.csproj", "{5A0FF581-3DF6-42F4-B5EB-C26F449CF441}"
EndProject
Project("{9A19103F-16F7-4668-BE54-9A1E7A4F7556}") = "JLib.DataProvider", "JLib.DataProvider\JLib.DataProvider.csproj", "{58B2DE06-79BD-4BAE-8454-FC75B0A83C56}"
EndProject
Project("{9A19103F-16F7-4668-BE54-9A1E7A4F7556}") = "JLib.Configuration", "JLib.Configuration\JLib.Configuration.csproj", "{357B5FD4-5F0B-4F9F-B128-52E03426E7AF}"
EndProject
Project("{9A19103F-16F7-4668-BE54-9A1E7A4F7556}") = "JLib.DependencyInjection", "JLib.DependencyInjection\JLib.DependencyInjection.csproj", "{7C893C9C-69C7-42E5-926A-7441137782CE}"
EndProject
Project("{9A19103F-16F7-4668-BE54-9A1E7A4F7556}") = "JLib.Reflection.DependencyInjection", "JLib.Reflection.DependencyInjection\JLib.Reflection.DependencyInjection.csproj", "{8916BCB9-CB90-48FE-A102-0C984E75B531}"
EndProject
Project("{9A19103F-16F7-4668-BE54-9A1E7A4F7556}") = "JLib.DataProvider.AutoMapper", "JLib.DataProvider.AutoMapper\JLib.DataProvider.AutoMapper.csproj", "{C796F629-5DD0-49D7-84A7-67B8D41A0493}"
EndProject
Project("{9A19103F-16F7-4668-BE54-9A1E7A4F7556}") = "JLib.Reflection.HotChocolate.Query", "JLib.Reflection.HotChocolate.Query\JLib.Reflection.HotChocolate.Query.csproj", "{0ACECC90-0DB2-42CA-BD96-2B07DAE32C46}"
EndProject
Project("{9A19103F-16F7-4668-BE54-9A1E7A4F7556}") = "JLib.DataProvider.EfCore", "JLib.DataProvider.EfCore\JLib.DataProvider.EfCore.csproj", "{594712A4-8A7E-436B-8BB2-0252B0E3D823}"
EndProject
Project("{9A19103F-16F7-4668-BE54-9A1E7A4F7556}") = "JLib.DataProvider.InMemory", "JLib.DataProvider.InMemory\JLib.DataProvider.InMemory.csproj", "{8B9CF432-5B5F-465F-9C75-027916E47DB8}"
EndProject
Project("{9A19103F-16F7-4668-BE54-9A1E7A4F7556}") = "JLib", "JLib\JLib.csproj", "{0449B90B-0EA8-4511-B887-4F40909FEAE7}"
EndProject
Project("{9A19103F-16F7-4668-BE54-9A1E7A4F7556}") = "JLib.DataProvider.InMemory.Tests", "JLib.DataProvider.InMemory.Tests\JLib.DataProvider.InMemory.Tests.csproj", "{57032444-A4D3-41B9-9A3F-CBF8F97C742D}"
EndProject
Project("{2150E333-8FDC-42A3-9474-1A3956D46DE8}") = "JLib.DataProvider", "JLib.DataProvider", "{0D921AA7-8601-4FFE-9F37-ADF3735AA21C}"
EndProject
Project("{2150E333-8FDC-42A3-9474-1A3956D46DE8}") = "JLib.ValueTypes", "JLib.ValueTypes", "{80BEDE7B-0252-461E-B890-C652AA9F0A01}"
EndProject
Project("{2150E333-8FDC-42A3-9474-1A3956D46DE8}") = "JLib.Reflection", "JLib.Reflection", "{EFA2EA40-BBFA-474F-894E-655FDF9A0EE4}"
EndProject
Project("{2150E333-8FDC-42A3-9474-1A3956D46DE8}") = "__Tools__", "__Tools__", "{19B7F873-28AD-4EE6-B981-51A3FD42CAB0}"
EndProject
Project("{9A19103F-16F7-4668-BE54-9A1E7A4F7556}") = "JLib.Tools.TypePackageGenerator", "Tools\JLib.Tools.TypePackageGenerator\JLib.Tools.TypePackageGenerator.csproj", "{FB2C8A19-7E95-4A47-B288-8D12C5D7F32C}"
EndProject
Project("{9A19103F-16F7-4668-BE54-9A1E7A4F7556}") = "JLib.Reflection.Tests", "JLib.Reflection.Tests\JLib.Reflection.Tests.csproj", "{51AFE916-CDE1-4299-A15B-24397D51D3A8}"
EndProject
Project("{9A19103F-16F7-4668-BE54-9A1E7A4F7556}") = "JLib.DataProvider.Tests", "JLib.DataProvider.Tests\JLib.DataProvider.Tests.csproj", "{D261DC3F-E1A6-4799-8D92-E6FD796A2795}"
EndProject
Project("{9A19103F-16F7-4668-BE54-9A1E7A4F7556}") = "JLib.DataProvider.AutoMapper.Tests", "JLib.DataProvider.AutoMapper.Tests\JLib.DataProvider.AutoMapper.Tests.csproj", "{2CA3D58C-4E95-4F1F-9F8D-7278CBF95F4D}"
EndProject
Project("{9A19103F-16F7-4668-BE54-9A1E7A4F7556}") = "JLib.DataProvider.Testing", "JLib.DataProvider.Testing\JLib.DataProvider.Testing.csproj", "{AB46C007-E92F-4B52-B5A3-78AAA60EF99B}"
EndProject
Project("{9A19103F-16F7-4668-BE54-9A1E7A4F7556}") = "JLib.ValueTypes.Mapping.Tests", "JLib.ValueTypes.Mapping.Tests\JLib.ValueTypes.Mapping.Tests.csproj", "{9AA0D7D9-0A58-4210-BD2F-A3107E35354A}"
EndProject
Project("{9A19103F-16F7-4668-BE54-9A1E7A4F7556}") = "JLib.ValueTypes.Tests", "JLib.ValueTypes.Tests\JLib.ValueTypes.Tests.csproj", "{738C835E-C9D8-4CC0-97FD-06CC73A7CA5E}"
EndProject
Project("{9A19103F-16F7-4668-BE54-9A1E7A4F7556}") = "JLib.DependencyInjection.Tests", "JLib.DependencyInjection.Tests\JLib.DependencyInjection.Tests.csproj", "{6DA09851-B60F-4D6B-B1D0-1FEA78ABAC0E}"
EndProject
Project("{9A19103F-16F7-4668-BE54-9A1E7A4F7556}") = "JLib.Reflection.Tests.DemoAssembly1", "JLib.Reflection.Tests.DemoAssembly1\JLib.Reflection.Tests.DemoAssembly1.csproj", "{81E218EB-6DD4-4ABE-99AF-6CEAD19D1093}"
EndProject
Project("{9A19103F-16F7-4668-BE54-9A1E7A4F7556}") = "JLib.Reflection.Tests.DemoAssembly2", "JLib.Reflection.Tests.DemoAssembly2\JLib.Reflection.Tests.DemoAssembly2.csproj", "{58AFF51D-32F8-415E-918A-CF2691487776}"
EndProject
Project("{2150E333-8FDC-42A3-9474-1A3956D46DE8}") = "JLib.DependencyInjection", "JLib.DependencyInjection", "{0F889BD3-36BF-446E-9327-8AACC3F7F455}"
EndProject
Project("{2150E333-8FDC-42A3-9474-1A3956D46DE8}") = "JLib.DataGeneration", "JLib.DataGeneration", "{003DF5C3-94DD-4AE6-BEB8-2691DA0BC14B}"
EndProject
Project("{9A19103F-16F7-4668-BE54-9A1E7A4F7556}") = "JLib.Exceptions.Examples", "Examples\JLib.Exceptions.Examples\JLib.Exceptions.Examples.csproj", "{CB8F3474-022E-47CF-96F6-9A5BD03AC575}"
EndProject
Project("{9A19103F-16F7-4668-BE54-9A1E7A4F7556}") = "JLib.SystemTextJson", "JLib.SystemTextJson\JLib.SystemTextJson.csproj", "{3EB8F328-F686-4718-B2C6-3E3EDE1CDB4F}"
EndProject
Project("{9A19103F-16F7-4668-BE54-9A1E7A4F7556}") = "JLib.DataGeneration.Abstractions", "JLib.DataGeneration.Abstractions\JLib.DataGeneration.Abstractions.csproj", "{069B96FC-8880-4E90-92F6-573652BC245C}"
EndProject
Project("{9A19103F-16F7-4668-BE54-9A1E7A4F7556}") = "JLib.Exceptions.Tests", "JLib.Exceptions.Tests\JLib.Exceptions.Tests.csproj", "{E24C96B4-5755-4778-BF06-1B46F2A40F91}"
EndProject
Project("{FAE04EC0-301F-11D3-BF4B-00C04F79EFBC}") = "JLib.Helper.Tests", "JLib.Helper.Tests\JLib.Helper.Tests.csproj", "{5E6A6277-C01D-4041-B5B5-3BF39CEDB5EA}"
EndProject
Global
	GlobalSection(SolutionConfigurationPlatforms) = preSolution
		Debug|Any CPU = Debug|Any CPU
		Release|Any CPU = Release|Any CPU
	EndGlobalSection
	GlobalSection(ProjectConfigurationPlatforms) = postSolution
		{34951258-F562-4992-93E0-385292AE1B43}.Debug|Any CPU.ActiveCfg = Debug|Any CPU
		{34951258-F562-4992-93E0-385292AE1B43}.Debug|Any CPU.Build.0 = Debug|Any CPU
		{34951258-F562-4992-93E0-385292AE1B43}.Release|Any CPU.ActiveCfg = Release|Any CPU
		{34951258-F562-4992-93E0-385292AE1B43}.Release|Any CPU.Build.0 = Release|Any CPU
		{EB1C56FE-8B3D-4700-A1C6-87D721F0530C}.Debug|Any CPU.ActiveCfg = Debug|Any CPU
		{EB1C56FE-8B3D-4700-A1C6-87D721F0530C}.Debug|Any CPU.Build.0 = Debug|Any CPU
		{EB1C56FE-8B3D-4700-A1C6-87D721F0530C}.Release|Any CPU.ActiveCfg = Release|Any CPU
		{EB1C56FE-8B3D-4700-A1C6-87D721F0530C}.Release|Any CPU.Build.0 = Release|Any CPU
		{D408B36B-2C09-48AA-B35A-C5431EF33D4B}.Debug|Any CPU.ActiveCfg = Debug|Any CPU
		{D408B36B-2C09-48AA-B35A-C5431EF33D4B}.Debug|Any CPU.Build.0 = Debug|Any CPU
		{D408B36B-2C09-48AA-B35A-C5431EF33D4B}.Release|Any CPU.ActiveCfg = Release|Any CPU
		{D408B36B-2C09-48AA-B35A-C5431EF33D4B}.Release|Any CPU.Build.0 = Release|Any CPU
		{569EE52C-92BA-4C33-9409-E0BA3DA967D2}.Debug|Any CPU.ActiveCfg = Debug|Any CPU
		{569EE52C-92BA-4C33-9409-E0BA3DA967D2}.Debug|Any CPU.Build.0 = Debug|Any CPU
		{569EE52C-92BA-4C33-9409-E0BA3DA967D2}.Release|Any CPU.ActiveCfg = Release|Any CPU
		{569EE52C-92BA-4C33-9409-E0BA3DA967D2}.Release|Any CPU.Build.0 = Release|Any CPU
		{F30E60F8-7E87-4225-AEFC-571929C94BB2}.Debug|Any CPU.ActiveCfg = Debug|Any CPU
		{F30E60F8-7E87-4225-AEFC-571929C94BB2}.Debug|Any CPU.Build.0 = Debug|Any CPU
		{F30E60F8-7E87-4225-AEFC-571929C94BB2}.Release|Any CPU.ActiveCfg = Release|Any CPU
		{F30E60F8-7E87-4225-AEFC-571929C94BB2}.Release|Any CPU.Build.0 = Release|Any CPU
		{69DB9CDA-72C8-4155-987E-479574580683}.Debug|Any CPU.ActiveCfg = Debug|Any CPU
		{69DB9CDA-72C8-4155-987E-479574580683}.Debug|Any CPU.Build.0 = Debug|Any CPU
		{69DB9CDA-72C8-4155-987E-479574580683}.Release|Any CPU.ActiveCfg = Release|Any CPU
		{69DB9CDA-72C8-4155-987E-479574580683}.Release|Any CPU.Build.0 = Release|Any CPU
		{9F52BB24-B9D5-4F29-B347-0547378C8241}.Debug|Any CPU.ActiveCfg = Debug|Any CPU
		{9F52BB24-B9D5-4F29-B347-0547378C8241}.Debug|Any CPU.Build.0 = Debug|Any CPU
		{9F52BB24-B9D5-4F29-B347-0547378C8241}.Release|Any CPU.ActiveCfg = Release|Any CPU
		{9F52BB24-B9D5-4F29-B347-0547378C8241}.Release|Any CPU.Build.0 = Release|Any CPU
		{56CE3424-BFCB-436B-8AA4-654DDA77B779}.Debug|Any CPU.ActiveCfg = Debug|Any CPU
		{56CE3424-BFCB-436B-8AA4-654DDA77B779}.Debug|Any CPU.Build.0 = Debug|Any CPU
		{56CE3424-BFCB-436B-8AA4-654DDA77B779}.Release|Any CPU.ActiveCfg = Release|Any CPU
		{56CE3424-BFCB-436B-8AA4-654DDA77B779}.Release|Any CPU.Build.0 = Release|Any CPU
		{F66E7219-A47E-4FBF-83C4-9EE74EE05B1E}.Debug|Any CPU.ActiveCfg = Debug|Any CPU
		{F66E7219-A47E-4FBF-83C4-9EE74EE05B1E}.Debug|Any CPU.Build.0 = Debug|Any CPU
		{F66E7219-A47E-4FBF-83C4-9EE74EE05B1E}.Release|Any CPU.ActiveCfg = Release|Any CPU
		{F66E7219-A47E-4FBF-83C4-9EE74EE05B1E}.Release|Any CPU.Build.0 = Release|Any CPU
		{7CA446BF-04A2-47FF-A850-C7C67DCC576D}.Debug|Any CPU.ActiveCfg = Debug|Any CPU
		{7CA446BF-04A2-47FF-A850-C7C67DCC576D}.Debug|Any CPU.Build.0 = Debug|Any CPU
		{7CA446BF-04A2-47FF-A850-C7C67DCC576D}.Release|Any CPU.ActiveCfg = Release|Any CPU
		{7CA446BF-04A2-47FF-A850-C7C67DCC576D}.Release|Any CPU.Build.0 = Release|Any CPU
		{D5CADC6B-AC86-46FB-85B1-7EDAE496E19B}.Debug|Any CPU.ActiveCfg = Debug|Any CPU
		{D5CADC6B-AC86-46FB-85B1-7EDAE496E19B}.Debug|Any CPU.Build.0 = Debug|Any CPU
		{D5CADC6B-AC86-46FB-85B1-7EDAE496E19B}.Release|Any CPU.ActiveCfg = Release|Any CPU
		{D5CADC6B-AC86-46FB-85B1-7EDAE496E19B}.Release|Any CPU.Build.0 = Release|Any CPU
		{97BFCC9F-5575-45F2-B16E-54E5535D298B}.Debug|Any CPU.ActiveCfg = Debug|Any CPU
		{97BFCC9F-5575-45F2-B16E-54E5535D298B}.Debug|Any CPU.Build.0 = Debug|Any CPU
		{97BFCC9F-5575-45F2-B16E-54E5535D298B}.Release|Any CPU.ActiveCfg = Release|Any CPU
		{97BFCC9F-5575-45F2-B16E-54E5535D298B}.Release|Any CPU.Build.0 = Release|Any CPU
		{5A0FF581-3DF6-42F4-B5EB-C26F449CF441}.Debug|Any CPU.ActiveCfg = Debug|Any CPU
		{5A0FF581-3DF6-42F4-B5EB-C26F449CF441}.Debug|Any CPU.Build.0 = Debug|Any CPU
		{5A0FF581-3DF6-42F4-B5EB-C26F449CF441}.Release|Any CPU.ActiveCfg = Release|Any CPU
		{5A0FF581-3DF6-42F4-B5EB-C26F449CF441}.Release|Any CPU.Build.0 = Release|Any CPU
		{58B2DE06-79BD-4BAE-8454-FC75B0A83C56}.Debug|Any CPU.ActiveCfg = Debug|Any CPU
		{58B2DE06-79BD-4BAE-8454-FC75B0A83C56}.Debug|Any CPU.Build.0 = Debug|Any CPU
		{58B2DE06-79BD-4BAE-8454-FC75B0A83C56}.Release|Any CPU.ActiveCfg = Release|Any CPU
		{58B2DE06-79BD-4BAE-8454-FC75B0A83C56}.Release|Any CPU.Build.0 = Release|Any CPU
		{357B5FD4-5F0B-4F9F-B128-52E03426E7AF}.Debug|Any CPU.ActiveCfg = Debug|Any CPU
		{357B5FD4-5F0B-4F9F-B128-52E03426E7AF}.Debug|Any CPU.Build.0 = Debug|Any CPU
		{357B5FD4-5F0B-4F9F-B128-52E03426E7AF}.Release|Any CPU.ActiveCfg = Release|Any CPU
		{357B5FD4-5F0B-4F9F-B128-52E03426E7AF}.Release|Any CPU.Build.0 = Release|Any CPU
		{7C893C9C-69C7-42E5-926A-7441137782CE}.Debug|Any CPU.ActiveCfg = Debug|Any CPU
		{7C893C9C-69C7-42E5-926A-7441137782CE}.Debug|Any CPU.Build.0 = Debug|Any CPU
		{7C893C9C-69C7-42E5-926A-7441137782CE}.Release|Any CPU.ActiveCfg = Release|Any CPU
		{7C893C9C-69C7-42E5-926A-7441137782CE}.Release|Any CPU.Build.0 = Release|Any CPU
		{8916BCB9-CB90-48FE-A102-0C984E75B531}.Debug|Any CPU.ActiveCfg = Debug|Any CPU
		{8916BCB9-CB90-48FE-A102-0C984E75B531}.Debug|Any CPU.Build.0 = Debug|Any CPU
		{8916BCB9-CB90-48FE-A102-0C984E75B531}.Release|Any CPU.ActiveCfg = Release|Any CPU
		{8916BCB9-CB90-48FE-A102-0C984E75B531}.Release|Any CPU.Build.0 = Release|Any CPU
		{C796F629-5DD0-49D7-84A7-67B8D41A0493}.Debug|Any CPU.ActiveCfg = Debug|Any CPU
		{C796F629-5DD0-49D7-84A7-67B8D41A0493}.Debug|Any CPU.Build.0 = Debug|Any CPU
		{C796F629-5DD0-49D7-84A7-67B8D41A0493}.Release|Any CPU.ActiveCfg = Release|Any CPU
		{C796F629-5DD0-49D7-84A7-67B8D41A0493}.Release|Any CPU.Build.0 = Release|Any CPU
		{0ACECC90-0DB2-42CA-BD96-2B07DAE32C46}.Debug|Any CPU.ActiveCfg = Debug|Any CPU
		{0ACECC90-0DB2-42CA-BD96-2B07DAE32C46}.Debug|Any CPU.Build.0 = Debug|Any CPU
		{0ACECC90-0DB2-42CA-BD96-2B07DAE32C46}.Release|Any CPU.ActiveCfg = Release|Any CPU
		{0ACECC90-0DB2-42CA-BD96-2B07DAE32C46}.Release|Any CPU.Build.0 = Release|Any CPU
		{594712A4-8A7E-436B-8BB2-0252B0E3D823}.Debug|Any CPU.ActiveCfg = Debug|Any CPU
		{594712A4-8A7E-436B-8BB2-0252B0E3D823}.Debug|Any CPU.Build.0 = Debug|Any CPU
		{594712A4-8A7E-436B-8BB2-0252B0E3D823}.Release|Any CPU.ActiveCfg = Release|Any CPU
		{594712A4-8A7E-436B-8BB2-0252B0E3D823}.Release|Any CPU.Build.0 = Release|Any CPU
		{8B9CF432-5B5F-465F-9C75-027916E47DB8}.Debug|Any CPU.ActiveCfg = Debug|Any CPU
		{8B9CF432-5B5F-465F-9C75-027916E47DB8}.Debug|Any CPU.Build.0 = Debug|Any CPU
		{8B9CF432-5B5F-465F-9C75-027916E47DB8}.Release|Any CPU.ActiveCfg = Release|Any CPU
		{8B9CF432-5B5F-465F-9C75-027916E47DB8}.Release|Any CPU.Build.0 = Release|Any CPU
		{0449B90B-0EA8-4511-B887-4F40909FEAE7}.Debug|Any CPU.ActiveCfg = Debug|Any CPU
		{0449B90B-0EA8-4511-B887-4F40909FEAE7}.Debug|Any CPU.Build.0 = Debug|Any CPU
		{0449B90B-0EA8-4511-B887-4F40909FEAE7}.Release|Any CPU.ActiveCfg = Release|Any CPU
		{0449B90B-0EA8-4511-B887-4F40909FEAE7}.Release|Any CPU.Build.0 = Release|Any CPU
		{57032444-A4D3-41B9-9A3F-CBF8F97C742D}.Debug|Any CPU.ActiveCfg = Debug|Any CPU
		{57032444-A4D3-41B9-9A3F-CBF8F97C742D}.Debug|Any CPU.Build.0 = Debug|Any CPU
		{57032444-A4D3-41B9-9A3F-CBF8F97C742D}.Release|Any CPU.ActiveCfg = Release|Any CPU
		{57032444-A4D3-41B9-9A3F-CBF8F97C742D}.Release|Any CPU.Build.0 = Release|Any CPU
		{FB2C8A19-7E95-4A47-B288-8D12C5D7F32C}.Debug|Any CPU.ActiveCfg = Debug|Any CPU
		{FB2C8A19-7E95-4A47-B288-8D12C5D7F32C}.Debug|Any CPU.Build.0 = Debug|Any CPU
		{FB2C8A19-7E95-4A47-B288-8D12C5D7F32C}.Release|Any CPU.ActiveCfg = Release|Any CPU
		{FB2C8A19-7E95-4A47-B288-8D12C5D7F32C}.Release|Any CPU.Build.0 = Release|Any CPU
		{51AFE916-CDE1-4299-A15B-24397D51D3A8}.Debug|Any CPU.ActiveCfg = Debug|Any CPU
		{51AFE916-CDE1-4299-A15B-24397D51D3A8}.Debug|Any CPU.Build.0 = Debug|Any CPU
		{51AFE916-CDE1-4299-A15B-24397D51D3A8}.Release|Any CPU.ActiveCfg = Release|Any CPU
		{51AFE916-CDE1-4299-A15B-24397D51D3A8}.Release|Any CPU.Build.0 = Release|Any CPU
		{D261DC3F-E1A6-4799-8D92-E6FD796A2795}.Debug|Any CPU.ActiveCfg = Debug|Any CPU
		{D261DC3F-E1A6-4799-8D92-E6FD796A2795}.Debug|Any CPU.Build.0 = Debug|Any CPU
		{D261DC3F-E1A6-4799-8D92-E6FD796A2795}.Release|Any CPU.ActiveCfg = Release|Any CPU
		{D261DC3F-E1A6-4799-8D92-E6FD796A2795}.Release|Any CPU.Build.0 = Release|Any CPU
		{2CA3D58C-4E95-4F1F-9F8D-7278CBF95F4D}.Debug|Any CPU.ActiveCfg = Debug|Any CPU
		{2CA3D58C-4E95-4F1F-9F8D-7278CBF95F4D}.Debug|Any CPU.Build.0 = Debug|Any CPU
		{2CA3D58C-4E95-4F1F-9F8D-7278CBF95F4D}.Release|Any CPU.ActiveCfg = Release|Any CPU
		{2CA3D58C-4E95-4F1F-9F8D-7278CBF95F4D}.Release|Any CPU.Build.0 = Release|Any CPU
		{AB46C007-E92F-4B52-B5A3-78AAA60EF99B}.Debug|Any CPU.ActiveCfg = Debug|Any CPU
		{AB46C007-E92F-4B52-B5A3-78AAA60EF99B}.Debug|Any CPU.Build.0 = Debug|Any CPU
		{AB46C007-E92F-4B52-B5A3-78AAA60EF99B}.Release|Any CPU.ActiveCfg = Release|Any CPU
		{AB46C007-E92F-4B52-B5A3-78AAA60EF99B}.Release|Any CPU.Build.0 = Release|Any CPU
		{9AA0D7D9-0A58-4210-BD2F-A3107E35354A}.Debug|Any CPU.ActiveCfg = Debug|Any CPU
		{9AA0D7D9-0A58-4210-BD2F-A3107E35354A}.Debug|Any CPU.Build.0 = Debug|Any CPU
		{9AA0D7D9-0A58-4210-BD2F-A3107E35354A}.Release|Any CPU.ActiveCfg = Release|Any CPU
		{9AA0D7D9-0A58-4210-BD2F-A3107E35354A}.Release|Any CPU.Build.0 = Release|Any CPU
		{738C835E-C9D8-4CC0-97FD-06CC73A7CA5E}.Debug|Any CPU.ActiveCfg = Debug|Any CPU
		{738C835E-C9D8-4CC0-97FD-06CC73A7CA5E}.Debug|Any CPU.Build.0 = Debug|Any CPU
		{738C835E-C9D8-4CC0-97FD-06CC73A7CA5E}.Release|Any CPU.ActiveCfg = Release|Any CPU
		{738C835E-C9D8-4CC0-97FD-06CC73A7CA5E}.Release|Any CPU.Build.0 = Release|Any CPU
		{6DA09851-B60F-4D6B-B1D0-1FEA78ABAC0E}.Debug|Any CPU.ActiveCfg = Debug|Any CPU
		{6DA09851-B60F-4D6B-B1D0-1FEA78ABAC0E}.Debug|Any CPU.Build.0 = Debug|Any CPU
		{6DA09851-B60F-4D6B-B1D0-1FEA78ABAC0E}.Release|Any CPU.ActiveCfg = Release|Any CPU
		{6DA09851-B60F-4D6B-B1D0-1FEA78ABAC0E}.Release|Any CPU.Build.0 = Release|Any CPU
		{81E218EB-6DD4-4ABE-99AF-6CEAD19D1093}.Debug|Any CPU.ActiveCfg = Debug|Any CPU
		{81E218EB-6DD4-4ABE-99AF-6CEAD19D1093}.Debug|Any CPU.Build.0 = Debug|Any CPU
		{81E218EB-6DD4-4ABE-99AF-6CEAD19D1093}.Release|Any CPU.ActiveCfg = Release|Any CPU
		{81E218EB-6DD4-4ABE-99AF-6CEAD19D1093}.Release|Any CPU.Build.0 = Release|Any CPU
		{58AFF51D-32F8-415E-918A-CF2691487776}.Debug|Any CPU.ActiveCfg = Debug|Any CPU
		{58AFF51D-32F8-415E-918A-CF2691487776}.Debug|Any CPU.Build.0 = Debug|Any CPU
		{58AFF51D-32F8-415E-918A-CF2691487776}.Release|Any CPU.ActiveCfg = Release|Any CPU
		{58AFF51D-32F8-415E-918A-CF2691487776}.Release|Any CPU.Build.0 = Release|Any CPU
		{CB8F3474-022E-47CF-96F6-9A5BD03AC575}.Debug|Any CPU.ActiveCfg = Debug|Any CPU
		{CB8F3474-022E-47CF-96F6-9A5BD03AC575}.Debug|Any CPU.Build.0 = Debug|Any CPU
		{CB8F3474-022E-47CF-96F6-9A5BD03AC575}.Release|Any CPU.ActiveCfg = Release|Any CPU
		{CB8F3474-022E-47CF-96F6-9A5BD03AC575}.Release|Any CPU.Build.0 = Release|Any CPU
		{3EB8F328-F686-4718-B2C6-3E3EDE1CDB4F}.Debug|Any CPU.ActiveCfg = Debug|Any CPU
		{3EB8F328-F686-4718-B2C6-3E3EDE1CDB4F}.Debug|Any CPU.Build.0 = Debug|Any CPU
		{3EB8F328-F686-4718-B2C6-3E3EDE1CDB4F}.Release|Any CPU.ActiveCfg = Release|Any CPU
		{3EB8F328-F686-4718-B2C6-3E3EDE1CDB4F}.Release|Any CPU.Build.0 = Release|Any CPU
		{069B96FC-8880-4E90-92F6-573652BC245C}.Debug|Any CPU.ActiveCfg = Debug|Any CPU
		{069B96FC-8880-4E90-92F6-573652BC245C}.Debug|Any CPU.Build.0 = Debug|Any CPU
		{069B96FC-8880-4E90-92F6-573652BC245C}.Release|Any CPU.ActiveCfg = Release|Any CPU
		{069B96FC-8880-4E90-92F6-573652BC245C}.Release|Any CPU.Build.0 = Release|Any CPU
		{E24C96B4-5755-4778-BF06-1B46F2A40F91}.Debug|Any CPU.ActiveCfg = Debug|Any CPU
		{E24C96B4-5755-4778-BF06-1B46F2A40F91}.Debug|Any CPU.Build.0 = Debug|Any CPU
		{E24C96B4-5755-4778-BF06-1B46F2A40F91}.Release|Any CPU.ActiveCfg = Release|Any CPU
		{E24C96B4-5755-4778-BF06-1B46F2A40F91}.Release|Any CPU.Build.0 = Release|Any CPU
		{5E6A6277-C01D-4041-B5B5-3BF39CEDB5EA}.Debug|Any CPU.ActiveCfg = Debug|Any CPU
		{5E6A6277-C01D-4041-B5B5-3BF39CEDB5EA}.Debug|Any CPU.Build.0 = Debug|Any CPU
		{5E6A6277-C01D-4041-B5B5-3BF39CEDB5EA}.Release|Any CPU.ActiveCfg = Release|Any CPU
		{5E6A6277-C01D-4041-B5B5-3BF39CEDB5EA}.Release|Any CPU.Build.0 = Release|Any CPU
	EndGlobalSection
	GlobalSection(SolutionProperties) = preSolution
		HideSolutionNode = FALSE
	EndGlobalSection
	GlobalSection(NestedProjects) = preSolution
		{EB1C56FE-8B3D-4700-A1C6-87D721F0530C} = {003DF5C3-94DD-4AE6-BEB8-2691DA0BC14B}
		{F30E60F8-7E87-4225-AEFC-571929C94BB2} = {003DF5C3-94DD-4AE6-BEB8-2691DA0BC14B}
		{69DB9CDA-72C8-4155-987E-479574580683} = {B450BA69-F38B-4EF5-81A5-7551941524E4}
		{F66E7219-A47E-4FBF-83C4-9EE74EE05B1E} = {EFA2EA40-BBFA-474F-894E-655FDF9A0EE4}
		{7CA446BF-04A2-47FF-A850-C7C67DCC576D} = {80BEDE7B-0252-461E-B890-C652AA9F0A01}
		{D5CADC6B-AC86-46FB-85B1-7EDAE496E19B} = {80BEDE7B-0252-461E-B890-C652AA9F0A01}
		{58B2DE06-79BD-4BAE-8454-FC75B0A83C56} = {0D921AA7-8601-4FFE-9F37-ADF3735AA21C}
		{7C893C9C-69C7-42E5-926A-7441137782CE} = {0F889BD3-36BF-446E-9327-8AACC3F7F455}
		{8916BCB9-CB90-48FE-A102-0C984E75B531} = {EFA2EA40-BBFA-474F-894E-655FDF9A0EE4}
		{C796F629-5DD0-49D7-84A7-67B8D41A0493} = {0D921AA7-8601-4FFE-9F37-ADF3735AA21C}
		{0ACECC90-0DB2-42CA-BD96-2B07DAE32C46} = {EFA2EA40-BBFA-474F-894E-655FDF9A0EE4}
		{594712A4-8A7E-436B-8BB2-0252B0E3D823} = {0D921AA7-8601-4FFE-9F37-ADF3735AA21C}
		{8B9CF432-5B5F-465F-9C75-027916E47DB8} = {0D921AA7-8601-4FFE-9F37-ADF3735AA21C}
		{57032444-A4D3-41B9-9A3F-CBF8F97C742D} = {0D921AA7-8601-4FFE-9F37-ADF3735AA21C}
		{FB2C8A19-7E95-4A47-B288-8D12C5D7F32C} = {19B7F873-28AD-4EE6-B981-51A3FD42CAB0}
		{51AFE916-CDE1-4299-A15B-24397D51D3A8} = {EFA2EA40-BBFA-474F-894E-655FDF9A0EE4}
		{D261DC3F-E1A6-4799-8D92-E6FD796A2795} = {0D921AA7-8601-4FFE-9F37-ADF3735AA21C}
		{2CA3D58C-4E95-4F1F-9F8D-7278CBF95F4D} = {0D921AA7-8601-4FFE-9F37-ADF3735AA21C}
		{AB46C007-E92F-4B52-B5A3-78AAA60EF99B} = {0D921AA7-8601-4FFE-9F37-ADF3735AA21C}
		{9AA0D7D9-0A58-4210-BD2F-A3107E35354A} = {80BEDE7B-0252-461E-B890-C652AA9F0A01}
		{738C835E-C9D8-4CC0-97FD-06CC73A7CA5E} = {80BEDE7B-0252-461E-B890-C652AA9F0A01}
		{6DA09851-B60F-4D6B-B1D0-1FEA78ABAC0E} = {0F889BD3-36BF-446E-9327-8AACC3F7F455}
		{81E218EB-6DD4-4ABE-99AF-6CEAD19D1093} = {EFA2EA40-BBFA-474F-894E-655FDF9A0EE4}
		{58AFF51D-32F8-415E-918A-CF2691487776} = {EFA2EA40-BBFA-474F-894E-655FDF9A0EE4}
		{CB8F3474-022E-47CF-96F6-9A5BD03AC575} = {B450BA69-F38B-4EF5-81A5-7551941524E4}
		{069B96FC-8880-4E90-92F6-573652BC245C} = {003DF5C3-94DD-4AE6-BEB8-2691DA0BC14B}
	EndGlobalSection
	GlobalSection(ExtensibilityGlobals) = postSolution
		SolutionGuid = {9007D83B-9D61-4FD9-927F-EEAC8281BF90}
	EndGlobalSection
EndGlobal
